{
  "requires": true,
  "lockfileVersion": 1,
  "dependencies": {
    "amadeus": {
      "version": "5.1.0",
      "resolved": "https://registry.npmjs.org/amadeus/-/amadeus-5.1.0.tgz",
      "integrity": "sha512-7pQvzk5C0ri8ThcQyO9y9LZFdoWRD4EDDUSNMmXGYJTf4OK+Qe/T9a1DLJ25it3FHHfwdDtr5IDujAxdC7T5Ow==",
      "requires": {
        "bluebird": "^3.5.1",
        "qs": "^6.5.2"
      }
    },
    "bluebird": {
      "version": "3.7.2",
      "resolved": "https://registry.npmjs.org/bluebird/-/bluebird-3.7.2.tgz",
      "integrity": "sha512-XpNj6GDQzdfW+r2Wnn7xiSAd7TM3jzkxGXBGTtWKuSXv1xUV+azxAm8jdWZN06QTQk+2N2XB9jRDkvbmQmcRtg=="
    },
    "qs": {
      "version": "6.9.4",
      "resolved": "https://registry.npmjs.org/qs/-/qs-6.9.4.tgz",
      "integrity": "sha512-A1kFqHekCTM7cz0udomYUoYNWjBebHm/5wzU/XqrBRBNWectVH0QIiN+NEcZ0Dte5hvzHwbr8+XQmguPhJ6WdQ=="
    }
  }
}
